# This file is automatically @generated by Cargo.
# It is not intended for manual editing.
version = 4

[[package]]
name = "slash"
version = "0.0.1"
dependencies = [
 "slate-proto",
]

[[package]]
name = "slate"
version = "0.0.1"
dependencies = [
 "slate-proto",
]

[[package]]
name = "slate-desktop"
version = "0.0.1"
dependencies = [
 "slate-proto",
]

[[package]]
name = "slate-proto"
version = "0.0.1"

[[package]]
name = "slated"
version = "0.0.1"
dependencies = [
 "slate-proto",
]
